
Microsoft Visual Studio Solution File, Format Version 12.00
# Visual Studio 15
VisualStudioVersion = 15.0.28307.421
MinimumVisualStudioVersion = 10.0.40219.1
Project("{9A19103F-16F7-4668-BE54-9A1E7A4F7556}") = "MoviesWareHouse.API", "MoviesWareHouse.API\MoviesWareHouse.API.csproj", "{562011E0-D374-4FA8-BFBF-B2E4DFDC1B41}"
EndProject
Project("{FAE04EC0-301F-11D3-BF4B-00C04F79EFBC}") = "Entities", "Entities\Entities.csproj", "{A2F3A70F-4E9F-4622-9784-081AB6DE6787}"
EndProject
Project("{FAE04EC0-301F-11D3-BF4B-00C04F79EFBC}") = "Contracts", "Contracts\Contracts.csproj", "{B6C33965-E698-4ED8-9727-4CC8DD37B1B8}"
EndProject
Project("{FAE04EC0-301F-11D3-BF4B-00C04F79EFBC}") = "Repository", "Repository\Repository.csproj", "{9EA29F6C-84CD-4A47-9001-2F3EAD5B07C1}"
EndProject
Global
	GlobalSection(SolutionConfigurationPlatforms) = preSolution
		Debug|Any CPU = Debug|Any CPU
		Release|Any CPU = Release|Any CPU
	EndGlobalSection
	GlobalSection(ProjectConfigurationPlatforms) = postSolution
		{562011E0-D374-4FA8-BFBF-B2E4DFDC1B41}.Debug|Any CPU.ActiveCfg = Debug|Any CPU
		{562011E0-D374-4FA8-BFBF-B2E4DFDC1B41}.Debug|Any CPU.Build.0 = Debug|Any CPU
		{562011E0-D374-4FA8-BFBF-B2E4DFDC1B41}.Release|Any CPU.ActiveCfg = Release|Any CPU
		{562011E0-D374-4FA8-BFBF-B2E4DFDC1B41}.Release|Any CPU.Build.0 = Release|Any CPU
		{A2F3A70F-4E9F-4622-9784-081AB6DE6787}.Debug|Any CPU.ActiveCfg = Debug|Any CPU
		{A2F3A70F-4E9F-4622-9784-081AB6DE6787}.Debug|Any CPU.Build.0 = Debug|Any CPU
		{A2F3A70F-4E9F-4622-9784-081AB6DE6787}.Release|Any CPU.ActiveCfg = Release|Any CPU
		{A2F3A70F-4E9F-4622-9784-081AB6DE6787}.Release|Any CPU.Build.0 = Release|Any CPU
		{B6C33965-E698-4ED8-9727-4CC8DD37B1B8}.Debug|Any CPU.ActiveCfg = Debug|Any CPU
		{B6C33965-E698-4ED8-9727-4CC8DD37B1B8}.Debug|Any CPU.Build.0 = Debug|Any CPU
		{B6C33965-E698-4ED8-9727-4CC8DD37B1B8}.Release|Any CPU.ActiveCfg = Release|Any CPU
		{B6C33965-E698-4ED8-9727-4CC8DD37B1B8}.Release|Any CPU.Build.0 = Release|Any CPU
		{9EA29F6C-84CD-4A47-9001-2F3EAD5B07C1}.Debug|Any CPU.ActiveCfg = Debug|Any CPU
		{9EA29F6C-84CD-4A47-9001-2F3EAD5B07C1}.Debug|Any CPU.Build.0 = Debug|Any CPU
		{9EA29F6C-84CD-4A47-9001-2F3EAD5B07C1}.Release|Any CPU.ActiveCfg = Release|Any CPU
		{9EA29F6C-84CD-4A47-9001-2F3EAD5B07C1}.Release|Any CPU.Build.0 = Release|Any CPU
	EndGlobalSection
	GlobalSection(SolutionProperties) = preSolution
		HideSolutionNode = FALSE
	EndGlobalSection
	GlobalSection(ExtensibilityGlobals) = postSolution
		SolutionGuid = {6F47DBD5-B605-4445-A71B-47D95FC4803B}
	EndGlobalSection
EndGlobal
